{
    "_meta": {
        "hash": {
            "sha256": "ca9974ed720e88ff9de574adae75d78b8837f47240730e98e3b51599f426566a"
        },
        "pipfile-spec": 6,
        "requires": {
            "python_full_version": "3.13.12",
            "python_version": "3.13"
        },
        "sources": [
            {
                "name": "pypi",
                "url": "https://pypi.org/simple",
                "verify_ssl": true
            }
        ]
    },
    "default": {
        "mpmath": {
            "hashes": [
                "sha256:7a28eb2a9774d00c7bc92411c19a89209d5da7c4c9a9e227be8330a23a25b91f",
                "sha256:a0b2b9fe80bbcd81a6647ff13108738cfb482d481d826cc0e02f5b35e5c88d2c"
            ],
            "version": "==1.3.0"
        },
        "svgwrite": {
            "hashes": [
                "sha256:a8fbdfd4443302a6619a7f76bc937fc683daf2628d9b737c891ec08b8ce524c3",
                "sha256:bb6b2b5450f1edbfa597d924f9ac2dd099e625562e492021d7dd614f65f8a22d"
            ],
            "index": "pypi",
            "markers": "python_version >= '3.6'",
            "version": "==1.4.3"
        },
        "sympy": {
            "hashes": [
                "sha256:d3d3fe8df1e5a0b42f0e7bdf50541697dbe7d23746e894990c030e2b05e72517",
                "sha256:e091cc3e99d2141a0ba2847328f5479b05d94a6635cb96148ccb3f34671bd8f5"
            ],
            "index": "pypi",
            "markers": "python_version >= '3.9'",
            "version": "==1.14.0"
        }
    },
    "develop": {}
}
