{
    "_meta": {
        "hash": {
            "sha256": "0595bb5acd4cb2908ee75c828a61df357a13ed97301c8417b7eeba33be466ed9"
        },
        "pipfile-spec": 6,
        "requires": {
            "python_full_version": "3.13.12",
            "python_version": "3.13"
        },
        "sources": [
            {
                "name": "pypi",
                "url": "https://pypi.org/simple",
                "verify_ssl": true
            }
        ]
    },
    "default": {
        "flexcache": {
            "hashes": [
                "sha256:18743bd5a0621bfe2cf8d519e4c3bfdf57a269c15d1ced3fb4b64e0ff4600656",
                "sha256:d43c9fea82336af6e0115e308d9d33a185390b8346a017564611f1466dcd2e32"
            ],
            "markers": "python_version >= '3.9'",
            "version": "==0.3"
        },
        "flexparser": {
            "hashes": [
                "sha256:266d98905595be2ccc5da964fe0a2c3526fbbffdc45b65b3146d75db992ef6b2",
                "sha256:3738b456192dcb3e15620f324c447721023c0293f6af9955b481e91d00179846"
            ],
            "markers": "python_version >= '3.9'",
            "version": "==0.4"
        },
        "pint": {
            "hashes": [
                "sha256:27eb25143bd5de9fcc4d5a4b484f16faf6b4615aa93ece6b3373a8c1a3c1b97d",
                "sha256:f8f5df6cf65314d74da1ade1bf96f8e3e4d0c41b51577ac53c49e7d44ca5acee"
            ],
            "index": "pypi",
            "markers": "python_version >= '3.11'",
            "version": "==0.25.3"
        },
        "platformdirs": {
            "hashes": [
                "sha256:1ec356301b7dc906d83f371c8f487070e99d3ccf9e501686456394622a01a934",
                "sha256:68a9a4619a666ea6439f2ff250c12a853cd1cbd5158d258bd824a7df6be2f868"
            ],
            "markers": "python_version >= '3.10'",
            "version": "==4.9.4"
        },
        "svgwrite": {
            "hashes": [
                "sha256:a8fbdfd4443302a6619a7f76bc937fc683daf2628d9b737c891ec08b8ce524c3",
                "sha256:bb6b2b5450f1edbfa597d924f9ac2dd099e625562e492021d7dd614f65f8a22d"
            ],
            "index": "pypi",
            "markers": "python_version >= '3.6'",
            "version": "==1.4.3"
        },
        "typing-extensions": {
            "hashes": [
                "sha256:0cea48d173cc12fa28ecabc3b837ea3cf6f38c6d1136f85cbaaf598984861466",
                "sha256:f0fa19c6845758ab08074a0cfa8b7aecb71c999ca73d62883bc25cc018c4e548"
            ],
            "markers": "python_version >= '3.9'",
            "version": "==4.15.0"
        }
    },
    "develop": {}
}
